
Microsoft Visual Studio Solution File, Format Version 12.00
# Visual Studio 15
VisualStudioVersion = 15.0.26730.8
MinimumVisualStudioVersion = 10.0.40219.1
Project("{9A19103F-16F7-4668-BE54-9A1E7A4F7556}") = "bd.webappth.web", "bd.webappth.web\bd.webappth.web.csproj", "{120D4DED-EC48-4D1C-A3DA-7EE2A2BBF902}"
EndProject
Project("{9A19103F-16F7-4668-BE54-9A1E7A4F7556}") = "bd.webappth.servicios", "bd.webappth.servicios\bd.webappth.servicios.csproj", "{82CF038C-014C-4257-A7BA-779D1D974A49}"
EndProject
Project("{9A19103F-16F7-4668-BE54-9A1E7A4F7556}") = "bd.webappth.entidades", "bd.webappth.entidades\bd.webappth.entidades.csproj", "{87DCEF31-74E2-4974-A7AF-B05D4E9C2B77}"
EndProject
Project("{9A19103F-16F7-4668-BE54-9A1E7A4F7556}") = "AlanJuden.MvcReportViewer.NetCore", "AlanJuden.MvcReportViewer.NetCore\AlanJuden.MvcReportViewer.NetCore.csproj", "{308A1DB4-0586-4279-BA33-6E8B1586254F}"
EndProject
Project("{9A19103F-16F7-4668-BE54-9A1E7A4F7556}") = "bd.sw.externos", "bd.sw.externos\bd.sw.externos.csproj", "{9020544D-FF24-456E-8D49-B1EF254E4CFD}"
EndProject
Global
	GlobalSection(SolutionConfigurationPlatforms) = preSolution
		Debug|Any CPU = Debug|Any CPU
		Release|Any CPU = Release|Any CPU
	EndGlobalSection
	GlobalSection(ProjectConfigurationPlatforms) = postSolution
		{120D4DED-EC48-4D1C-A3DA-7EE2A2BBF902}.Debug|Any CPU.ActiveCfg = Debug|Any CPU
		{120D4DED-EC48-4D1C-A3DA-7EE2A2BBF902}.Debug|Any CPU.Build.0 = Debug|Any CPU
		{120D4DED-EC48-4D1C-A3DA-7EE2A2BBF902}.Release|Any CPU.ActiveCfg = Release|Any CPU
		{120D4DED-EC48-4D1C-A3DA-7EE2A2BBF902}.Release|Any CPU.Build.0 = Release|Any CPU
		{82CF038C-014C-4257-A7BA-779D1D974A49}.Debug|Any CPU.ActiveCfg = Debug|Any CPU
		{82CF038C-014C-4257-A7BA-779D1D974A49}.Debug|Any CPU.Build.0 = Debug|Any CPU
		{82CF038C-014C-4257-A7BA-779D1D974A49}.Release|Any CPU.ActiveCfg = Release|Any CPU
		{82CF038C-014C-4257-A7BA-779D1D974A49}.Release|Any CPU.Build.0 = Release|Any CPU
		{87DCEF31-74E2-4974-A7AF-B05D4E9C2B77}.Debug|Any CPU.ActiveCfg = Debug|Any CPU
		{87DCEF31-74E2-4974-A7AF-B05D4E9C2B77}.Debug|Any CPU.Build.0 = Debug|Any CPU
		{87DCEF31-74E2-4974-A7AF-B05D4E9C2B77}.Release|Any CPU.ActiveCfg = Release|Any CPU
		{87DCEF31-74E2-4974-A7AF-B05D4E9C2B77}.Release|Any CPU.Build.0 = Release|Any CPU
		{308A1DB4-0586-4279-BA33-6E8B1586254F}.Debug|Any CPU.ActiveCfg = Debug|Any CPU
		{308A1DB4-0586-4279-BA33-6E8B1586254F}.Debug|Any CPU.Build.0 = Debug|Any CPU
		{308A1DB4-0586-4279-BA33-6E8B1586254F}.Release|Any CPU.ActiveCfg = Release|Any CPU
		{308A1DB4-0586-4279-BA33-6E8B1586254F}.Release|Any CPU.Build.0 = Release|Any CPU
		{9020544D-FF24-456E-8D49-B1EF254E4CFD}.Debug|Any CPU.ActiveCfg = Debug|Any CPU
		{9020544D-FF24-456E-8D49-B1EF254E4CFD}.Debug|Any CPU.Build.0 = Debug|Any CPU
		{9020544D-FF24-456E-8D49-B1EF254E4CFD}.Release|Any CPU.ActiveCfg = Release|Any CPU
		{9020544D-FF24-456E-8D49-B1EF254E4CFD}.Release|Any CPU.Build.0 = Release|Any CPU
	EndGlobalSection
	GlobalSection(SolutionProperties) = preSolution
		HideSolutionNode = FALSE
	EndGlobalSection
	GlobalSection(ExtensibilityGlobals) = postSolution
		SolutionGuid = {CA0CDE49-20A8-4316-950C-64E11B652AEC}
	EndGlobalSection
EndGlobal
